
Microsoft Visual Studio Solution File, Format Version 12.00
# Visual Studio Version 17
VisualStudioVersion = 17.4.33205.214
MinimumVisualStudioVersion = 10.0.40219.1
Project("{FAE04EC0-301F-11D3-BF4B-00C04F79EFBC}") = "Life", "Life\Life.csproj", "{FC2ABC23-E6BA-4477-AB51-7F81BDCCEA15}"
EndProject
Global
	GlobalSection(SolutionConfigurationPlatforms) = preSolution
		Debug|Any CPU = Debug|Any CPU
		Release|Any CPU = Release|Any CPU
	EndGlobalSection
	GlobalSection(ProjectConfigurationPlatforms) = postSolution
		{FC2ABC23-E6BA-4477-AB51-7F81BDCCEA15}.Debug|Any CPU.ActiveCfg = Debug|Any CPU
		{FC2ABC23-E6BA-4477-AB51-7F81BDCCEA15}.Debug|Any CPU.Build.0 = Debug|Any CPU
		{FC2ABC23-E6BA-4477-AB51-7F81BDCCEA15}.Release|Any CPU.ActiveCfg = Release|Any CPU
		{FC2ABC23-E6BA-4477-AB51-7F81BDCCEA15}.Release|Any CPU.Build.0 = Release|Any CPU
	EndGlobalSection
	GlobalSection(SolutionProperties) = preSolution
		HideSolutionNode = FALSE
	EndGlobalSection
	GlobalSection(ExtensibilityGlobals) = postSolution
		SolutionGuid = {1429B806-A344-4292-9DB2-14D0E5E82B01}
	EndGlobalSection
EndGlobal
